PODS:
  - FBSnapshotTestCase (2.1.4):
    - FBSnapshotTestCase/SwiftSupport (= 2.1.4)
  - FBSnapshotTestCase/Core (2.1.4)
  - FBSnapshotTestCase/SwiftSupport (2.1.4):
    - FBSnapshotTestCase/Core
  - Intercom (17.2.1)
  - MetricsReporter (1.2.1):
    - RSCrashReporter (= 1.0.1)
    - RudderKit (= 1.4.0)
  - RSCrashReporter (1.0.1)
  - Rudder (1.28.0):
    - MetricsReporter (= 1.2.1)
  - Rudder-Intercom (1.1.0):
    - Intercom (= 17.2.1)
    - Rudder (~> 1.0)
  - RudderKit (1.4.0)

DEPENDENCIES:
  - FBSnapshotTestCase
  - Rudder-Intercom (from `../`)

SPEC REPOS:
  trunk:
    - FBSnapshotTestCase
    - Intercom
    - MetricsReporter
    - RSCrashReporter
    - Rudder
    - RudderKit

EXTERNAL SOURCES:
  Rudder-Intercom:
    :path: "../"

SPEC CHECKSUMS:
  FBSnapshotTestCase: 094f9f314decbabe373b87cc339bea235a63e07a
  Intercom: 3e9e26c8e2d0655e8f7527c395e570bb7733d5fa
  MetricsReporter: 99596ee5003c69949ed2f50acc34aee83c42f843
  RSCrashReporter: 6b8376ac729b0289ebe0908553e5f56d8171f313
  Rudder: 9f1f6fdec5bd0e8845e2ac2d4f7b4584d069bf88
  Rudder-Intercom: 3b3b80d51a581ce208e3a1685267883e47bd057b
  RudderKit: f272f9872183946452ac94cd7bb2244a71e6ca8f

PODFILE CHECKSUM: 66a990b89c6814c531e79219d437f47e24447ac6

COCOAPODS: 1.15.2
